
Microsoft Visual Studio Solution File, Format Version 12.00
# Visual Studio Version 17
VisualStudioVersion = 17.6.33723.286
MinimumVisualStudioVersion = 10.0.40219.1
Project("{9A19103F-16F7-4668-BE54-9A1E7A4F7556}") = "Builders", "KonsolTest\Builders.csproj", "{43DB1163-E6E3-4366-8AD8-08AB34FE7890}"
EndProject
Project("{FAE04EC0-301F-11D3-BF4B-00C04F79EFBC}") = "DesignPatterns", "DesignPatterns\DesignPatterns.csproj", "{86881CC9-AFD3-43FE-8F19-9549DC54C335}"
EndProject
Global
	GlobalSection(SolutionConfigurationPlatforms) = preSolution
		Debug|Any CPU = Debug|Any CPU
		Release|Any CPU = Release|Any CPU
	EndGlobalSection
	GlobalSection(ProjectConfigurationPlatforms) = postSolution
		{43DB1163-E6E3-4366-8AD8-08AB34FE7890}.Debug|Any CPU.ActiveCfg = Debug|Any CPU
		{43DB1163-E6E3-4366-8AD8-08AB34FE7890}.Debug|Any CPU.Build.0 = Debug|Any CPU
		{43DB1163-E6E3-4366-8AD8-08AB34FE7890}.Release|Any CPU.ActiveCfg = Release|Any CPU
		{43DB1163-E6E3-4366-8AD8-08AB34FE7890}.Release|Any CPU.Build.0 = Release|Any CPU
		{86881CC9-AFD3-43FE-8F19-9549DC54C335}.Debug|Any CPU.ActiveCfg = Debug|Any CPU
		{86881CC9-AFD3-43FE-8F19-9549DC54C335}.Debug|Any CPU.Build.0 = Debug|Any CPU
		{86881CC9-AFD3-43FE-8F19-9549DC54C335}.Release|Any CPU.ActiveCfg = Release|Any CPU
		{86881CC9-AFD3-43FE-8F19-9549DC54C335}.Release|Any CPU.Build.0 = Release|Any CPU
	EndGlobalSection
	GlobalSection(SolutionProperties) = preSolution
		HideSolutionNode = FALSE
	EndGlobalSection
	GlobalSection(ExtensibilityGlobals) = postSolution
		SolutionGuid = {44168D74-6BA1-408A-9C87-7E29E0D514F9}
	EndGlobalSection
EndGlobal
